
Microsoft Visual Studio Solution File, Format Version 12.00
# Visual Studio Version 17
VisualStudioVersion = 17.4.33110.190
MinimumVisualStudioVersion = 10.0.40219.1
Project("{FAE04EC0-301F-11D3-BF4B-00C04F79EFBC}") = "DAL", "DAL\DAL.csproj", "{762A8008-8A6D-4E63-A79B-BBB52C35F34D}"
EndProject
Project("{FAE04EC0-301F-11D3-BF4B-00C04F79EFBC}") = "Prueba", "Prueba\Prueba.csproj", "{8A107C6F-A2E5-4030-9F4F-33CA61362B68}"
EndProject
Project("{FAE04EC0-301F-11D3-BF4B-00C04F79EFBC}") = "ENTITY", "ENTITY\ENTITY.csproj", "{833F1ED0-14D3-4841-9ADB-A70034E0A080}"
EndProject
Project("{FAE04EC0-301F-11D3-BF4B-00C04F79EFBC}") = "BLL", "BLL\BLL.csproj", "{97BCFBF1-CD6D-4F06-AAA9-285D16F93125}"
EndProject
Project("{FAE04EC0-301F-11D3-BF4B-00C04F79EFBC}") = "GUI", "GUI\GUI.csproj", "{2EE52C1D-C724-452B-A5BF-064A9BF717E2}"
EndProject
Global
	GlobalSection(SolutionConfigurationPlatforms) = preSolution
		Debug|Any CPU = Debug|Any CPU
		Release|Any CPU = Release|Any CPU
	EndGlobalSection
	GlobalSection(ProjectConfigurationPlatforms) = postSolution
		{762A8008-8A6D-4E63-A79B-BBB52C35F34D}.Debug|Any CPU.ActiveCfg = Debug|Any CPU
		{762A8008-8A6D-4E63-A79B-BBB52C35F34D}.Debug|Any CPU.Build.0 = Debug|Any CPU
		{762A8008-8A6D-4E63-A79B-BBB52C35F34D}.Release|Any CPU.ActiveCfg = Release|Any CPU
		{762A8008-8A6D-4E63-A79B-BBB52C35F34D}.Release|Any CPU.Build.0 = Release|Any CPU
		{8A107C6F-A2E5-4030-9F4F-33CA61362B68}.Debug|Any CPU.ActiveCfg = Debug|Any CPU
		{8A107C6F-A2E5-4030-9F4F-33CA61362B68}.Debug|Any CPU.Build.0 = Debug|Any CPU
		{8A107C6F-A2E5-4030-9F4F-33CA61362B68}.Release|Any CPU.ActiveCfg = Release|Any CPU
		{8A107C6F-A2E5-4030-9F4F-33CA61362B68}.Release|Any CPU.Build.0 = Release|Any CPU
		{833F1ED0-14D3-4841-9ADB-A70034E0A080}.Debug|Any CPU.ActiveCfg = Debug|Any CPU
		{833F1ED0-14D3-4841-9ADB-A70034E0A080}.Debug|Any CPU.Build.0 = Debug|Any CPU
		{833F1ED0-14D3-4841-9ADB-A70034E0A080}.Release|Any CPU.ActiveCfg = Release|Any CPU
		{833F1ED0-14D3-4841-9ADB-A70034E0A080}.Release|Any CPU.Build.0 = Release|Any CPU
		{97BCFBF1-CD6D-4F06-AAA9-285D16F93125}.Debug|Any CPU.ActiveCfg = Debug|Any CPU
		{97BCFBF1-CD6D-4F06-AAA9-285D16F93125}.Debug|Any CPU.Build.0 = Debug|Any CPU
		{97BCFBF1-CD6D-4F06-AAA9-285D16F93125}.Release|Any CPU.ActiveCfg = Release|Any CPU
		{97BCFBF1-CD6D-4F06-AAA9-285D16F93125}.Release|Any CPU.Build.0 = Release|Any CPU
		{2EE52C1D-C724-452B-A5BF-064A9BF717E2}.Debug|Any CPU.ActiveCfg = Debug|Any CPU
		{2EE52C1D-C724-452B-A5BF-064A9BF717E2}.Debug|Any CPU.Build.0 = Debug|Any CPU
		{2EE52C1D-C724-452B-A5BF-064A9BF717E2}.Release|Any CPU.ActiveCfg = Release|Any CPU
		{2EE52C1D-C724-452B-A5BF-064A9BF717E2}.Release|Any CPU.Build.0 = Release|Any CPU
	EndGlobalSection
	GlobalSection(SolutionProperties) = preSolution
		HideSolutionNode = FALSE
	EndGlobalSection
	GlobalSection(ExtensibilityGlobals) = postSolution
		SolutionGuid = {E82D535E-19EB-4611-AEE8-F53730AA424D}
	EndGlobalSection
EndGlobal
